
Microsoft Visual Studio Solution File, Format Version 12.00
# Visual Studio 15
VisualStudioVersion = 15.0.27004.2006
MinimumVisualStudioVersion = 10.0.40219.1
Project("{FAE04EC0-301F-11D3-BF4B-00C04F79EFBC}") = "CSLanguageGeneralProof", "CSLanguageGeneralProof\CSLanguageGeneralProof.csproj", "{092F2933-F1B7-4830-9463-E9D678D213BE}"
EndProject
Global
	GlobalSection(SolutionConfigurationPlatforms) = preSolution
		Debug|Any CPU = Debug|Any CPU
		Release|Any CPU = Release|Any CPU
	EndGlobalSection
	GlobalSection(ProjectConfigurationPlatforms) = postSolution
		{092F2933-F1B7-4830-9463-E9D678D213BE}.Debug|Any CPU.ActiveCfg = Debug|Any CPU
		{092F2933-F1B7-4830-9463-E9D678D213BE}.Debug|Any CPU.Build.0 = Debug|Any CPU
		{092F2933-F1B7-4830-9463-E9D678D213BE}.Release|Any CPU.ActiveCfg = Release|Any CPU
		{092F2933-F1B7-4830-9463-E9D678D213BE}.Release|Any CPU.Build.0 = Release|Any CPU
	EndGlobalSection
	GlobalSection(SolutionProperties) = preSolution
		HideSolutionNode = FALSE
	EndGlobalSection
	GlobalSection(ExtensibilityGlobals) = postSolution
		SolutionGuid = {1CF6AB0B-81DC-4AF8-A3B7-5746ED49FCBC}
	EndGlobalSection
EndGlobal
